
Microsoft Visual Studio Solution File, Format Version 12.00
# Visual Studio 15
VisualStudioVersion = 15.0.28010.2003
MinimumVisualStudioVersion = 10.0.40219.1
Project("{FAE04EC0-301F-11D3-BF4B-00C04F79EFBC}") = "ThreadyBalls", "ICA 13\ThreadyBalls.csproj", "{C115680E-8F1D-4E38-B56D-2D0BDB5F264B}"
EndProject
Global
	GlobalSection(SolutionConfigurationPlatforms) = preSolution
		Debug|Any CPU = Debug|Any CPU
		Release|Any CPU = Release|Any CPU
	EndGlobalSection
	GlobalSection(ProjectConfigurationPlatforms) = postSolution
		{C115680E-8F1D-4E38-B56D-2D0BDB5F264B}.Debug|Any CPU.ActiveCfg = Debug|Any CPU
		{C115680E-8F1D-4E38-B56D-2D0BDB5F264B}.Debug|Any CPU.Build.0 = Debug|Any CPU
		{C115680E-8F1D-4E38-B56D-2D0BDB5F264B}.Release|Any CPU.ActiveCfg = Release|Any CPU
		{C115680E-8F1D-4E38-B56D-2D0BDB5F264B}.Release|Any CPU.Build.0 = Release|Any CPU
	EndGlobalSection
	GlobalSection(SolutionProperties) = preSolution
		HideSolutionNode = FALSE
	EndGlobalSection
	GlobalSection(ExtensibilityGlobals) = postSolution
		SolutionGuid = {9ECD11D8-036A-4C79-9FE1-E15717087AA2}
	EndGlobalSection
EndGlobal
