
Microsoft Visual Studio Solution File, Format Version 12.00
# Visual Studio Version 16
VisualStudioVersion = 16.0.29306.81
MinimumVisualStudioVersion = 10.0.40219.1
Project("{FAE04EC0-301F-11D3-BF4B-00C04F79EFBC}") = "Demo 8 - Linked Lists", "Demo 7 - Linked Lists\Demo 8 - Linked Lists.csproj", "{4BE0F114-B46A-4E40-8483-9515DCD50C53}"
EndProject
Global
	GlobalSection(SolutionConfigurationPlatforms) = preSolution
		Debug|Any CPU = Debug|Any CPU
		Release|Any CPU = Release|Any CPU
	EndGlobalSection
	GlobalSection(ProjectConfigurationPlatforms) = postSolution
		{4BE0F114-B46A-4E40-8483-9515DCD50C53}.Debug|Any CPU.ActiveCfg = Debug|Any CPU
		{4BE0F114-B46A-4E40-8483-9515DCD50C53}.Debug|Any CPU.Build.0 = Debug|Any CPU
		{4BE0F114-B46A-4E40-8483-9515DCD50C53}.Release|Any CPU.ActiveCfg = Release|Any CPU
		{4BE0F114-B46A-4E40-8483-9515DCD50C53}.Release|Any CPU.Build.0 = Release|Any CPU
	EndGlobalSection
	GlobalSection(SolutionProperties) = preSolution
		HideSolutionNode = FALSE
	EndGlobalSection
	GlobalSection(ExtensibilityGlobals) = postSolution
		SolutionGuid = {00A378F6-C5CE-4405-9DB8-CF910EB295FB}
	EndGlobalSection
EndGlobal
