
Microsoft Visual Studio Solution File, Format Version 12.00
# Visual Studio Version 16
VisualStudioVersion = 16.0.29306.81
MinimumVisualStudioVersion = 10.0.40219.1
Project("{FAE04EC0-301F-11D3-BF4B-00C04F79EFBC}") = "Demo 2 - Properties", "Demo 2 - Properties.csproj", "{875C6959-8776-4E00-8D04-E15BFE539E01}"
EndProject
Global
	GlobalSection(SolutionConfigurationPlatforms) = preSolution
		Debug|Any CPU = Debug|Any CPU
		Release|Any CPU = Release|Any CPU
	EndGlobalSection
	GlobalSection(ProjectConfigurationPlatforms) = postSolution
		{875C6959-8776-4E00-8D04-E15BFE539E01}.Debug|Any CPU.ActiveCfg = Debug|Any CPU
		{875C6959-8776-4E00-8D04-E15BFE539E01}.Debug|Any CPU.Build.0 = Debug|Any CPU
		{875C6959-8776-4E00-8D04-E15BFE539E01}.Release|Any CPU.ActiveCfg = Release|Any CPU
		{875C6959-8776-4E00-8D04-E15BFE539E01}.Release|Any CPU.Build.0 = Release|Any CPU
	EndGlobalSection
	GlobalSection(SolutionProperties) = preSolution
		HideSolutionNode = FALSE
	EndGlobalSection
	GlobalSection(ExtensibilityGlobals) = postSolution
		SolutionGuid = {6B0C9D2C-02AE-49B7-BDD1-0A19B227CE16}
	EndGlobalSection
EndGlobal
