
Microsoft Visual Studio Solution File, Format Version 12.00
# Visual Studio Version 16
VisualStudioVersion = 16.0.29306.81
MinimumVisualStudioVersion = 10.0.40219.1
Project("{FAE04EC0-301F-11D3-BF4B-00C04F79EFBC}") = "Demo 5", "Demo 5.csproj", "{61F82309-B68E-43D5-8F1D-39DADDF4FFA1}"
EndProject
Global
	GlobalSection(SolutionConfigurationPlatforms) = preSolution
		Debug|Any CPU = Debug|Any CPU
		Release|Any CPU = Release|Any CPU
	EndGlobalSection
	GlobalSection(ProjectConfigurationPlatforms) = postSolution
		{61F82309-B68E-43D5-8F1D-39DADDF4FFA1}.Debug|Any CPU.ActiveCfg = Debug|Any CPU
		{61F82309-B68E-43D5-8F1D-39DADDF4FFA1}.Debug|Any CPU.Build.0 = Debug|Any CPU
		{61F82309-B68E-43D5-8F1D-39DADDF4FFA1}.Release|Any CPU.ActiveCfg = Release|Any CPU
		{61F82309-B68E-43D5-8F1D-39DADDF4FFA1}.Release|Any CPU.Build.0 = Release|Any CPU
	EndGlobalSection
	GlobalSection(SolutionProperties) = preSolution
		HideSolutionNode = FALSE
	EndGlobalSection
	GlobalSection(ExtensibilityGlobals) = postSolution
		SolutionGuid = {DD55D848-81BC-4A27-804B-C10ADC246D33}
	EndGlobalSection
EndGlobal
