
Microsoft Visual Studio Solution File, Format Version 12.00
# Visual Studio 15
VisualStudioVersion = 15.0.28010.2003
MinimumVisualStudioVersion = 10.0.40219.1
Project("{FAE04EC0-301F-11D3-BF4B-00C04F79EFBC}") = "Demo 10", "Demo 10\Demo 10.csproj", "{7491787C-4B31-4DB3-BCB1-08A97B83FAB3}"
EndProject
Global
	GlobalSection(SolutionConfigurationPlatforms) = preSolution
		Debug|Any CPU = Debug|Any CPU
		Release|Any CPU = Release|Any CPU
	EndGlobalSection
	GlobalSection(ProjectConfigurationPlatforms) = postSolution
		{7491787C-4B31-4DB3-BCB1-08A97B83FAB3}.Debug|Any CPU.ActiveCfg = Debug|Any CPU
		{7491787C-4B31-4DB3-BCB1-08A97B83FAB3}.Debug|Any CPU.Build.0 = Debug|Any CPU
		{7491787C-4B31-4DB3-BCB1-08A97B83FAB3}.Release|Any CPU.ActiveCfg = Release|Any CPU
		{7491787C-4B31-4DB3-BCB1-08A97B83FAB3}.Release|Any CPU.Build.0 = Release|Any CPU
	EndGlobalSection
	GlobalSection(SolutionProperties) = preSolution
		HideSolutionNode = FALSE
	EndGlobalSection
	GlobalSection(ExtensibilityGlobals) = postSolution
		SolutionGuid = {2399B6A3-C96A-489D-A873-1F1B928A0021}
	EndGlobalSection
EndGlobal
